
Microsoft Visual Studio Solution File, Format Version 12.00
# Visual Studio Version 16
VisualStudioVersion = 16.0.30128.74
MinimumVisualStudioVersion = 10.0.40219.1
Project("{FAE04EC0-301F-11D3-BF4B-00C04F79EFBC}") = "StackProgram", "StackProgram\StackProgram.csproj", "{1B54F23D-33EA-489A-9FA3-53228BF29936}"
EndProject
Global
	GlobalSection(SolutionConfigurationPlatforms) = preSolution
		Debug|Any CPU = Debug|Any CPU
		Release|Any CPU = Release|Any CPU
	EndGlobalSection
	GlobalSection(ProjectConfigurationPlatforms) = postSolution
		{1B54F23D-33EA-489A-9FA3-53228BF29936}.Debug|Any CPU.ActiveCfg = Debug|Any CPU
		{1B54F23D-33EA-489A-9FA3-53228BF29936}.Debug|Any CPU.Build.0 = Debug|Any CPU
		{1B54F23D-33EA-489A-9FA3-53228BF29936}.Release|Any CPU.ActiveCfg = Release|Any CPU
		{1B54F23D-33EA-489A-9FA3-53228BF29936}.Release|Any CPU.Build.0 = Release|Any CPU
	EndGlobalSection
	GlobalSection(SolutionProperties) = preSolution
		HideSolutionNode = FALSE
	EndGlobalSection
	GlobalSection(ExtensibilityGlobals) = postSolution
		SolutionGuid = {84034110-9516-45DC-88E8-D91D47295E73}
	EndGlobalSection
EndGlobal
